{
  "name": "@nolanrigo/prettier-config",
  "version": "3.0.2",
  "lockfileVersion": 1,
  "requires": true,
  "dependencies": {
    "prettier": {
      "version": "2.0.5",
      "resolved": "https://registry.npmjs.org/prettier/-/prettier-2.0.5.tgz",
      "integrity": "sha512-7PtVymN48hGcO4fGjybyBSIWDsLU4H4XlvOHfq91pz9kkGlonzwTfYkaIEwiRg/dAJF9YlbsduBAgtYLi+8cFg==",
      "dev": true
    },
    "prettier-plugin-organize-imports": {
      "version": "1.1.1",
      "resolved": "https://registry.npmjs.org/prettier-plugin-organize-imports/-/prettier-plugin-organize-imports-1.1.1.tgz",
      "integrity": "sha512-rFA1lnek1FYkMGthm4xBKME41qUKItTovuo24bCGZu/Vu1n3gW71UPLAkIdwewwkZCe29gRVweSOPXvAdckFuw=="
    },
    "prettier-plugin-package": {
      "version": "1.0.0",
      "resolved": "https://registry.npmjs.org/prettier-plugin-package/-/prettier-plugin-package-1.0.0.tgz",
      "integrity": "sha512-flbKuLB7ftrW2zQYJjb0mF6zY7R0jDrYatpr0BBNj04Eb+g1RLbquOQSJE1LffDZfzU03fwJQ74grqQjQjYa3Q=="
    },
    "typescript": {
      "version": "3.9.6",
      "resolved": "https://registry.npmjs.org/typescript/-/typescript-3.9.6.tgz",
      "integrity": "sha512-Pspx3oKAPJtjNwE92YS05HQoY7z2SFyOpHo9MqJor3BXAGNaPUs83CuVp9VISFkSjyRfiTpmKuAYGJB7S7hOxw=="
    }
  }
}
